
Microsoft Visual Studio Solution File, Format Version 12.00
# Visual Studio 15
VisualStudioVersion = 15.0.28307.168
MinimumVisualStudioVersion = 10.0.40219.1
Project("{FAE04EC0-301F-11D3-BF4B-00C04F79EFBC}") = "SingLife.FacebookShareBonus.Model", "SingLife.FacebookShareBonus.Model\SingLife.FacebookShareBonus.Model.csproj", "{522EE321-E273-437E-A040-8C9F0C208651}"
EndProject
Project("{FAE04EC0-301F-11D3-BF4B-00C04F79EFBC}") = "SingLife.FacebookShareBonus.Test", "SingLife.FacebookShareBonus.Test\SingLife.FacebookShareBonus.Test.csproj", "{67F60681-9C47-453A-AEF4-12611CF601D0}"
EndProject
Global
	GlobalSection(SolutionConfigurationPlatforms) = preSolution
		Debug|Any CPU = Debug|Any CPU
		Release|Any CPU = Release|Any CPU
	EndGlobalSection
	GlobalSection(ProjectConfigurationPlatforms) = postSolution
		{522EE321-E273-437E-A040-8C9F0C208651}.Debug|Any CPU.ActiveCfg = Debug|Any CPU
		{522EE321-E273-437E-A040-8C9F0C208651}.Debug|Any CPU.Build.0 = Debug|Any CPU
		{522EE321-E273-437E-A040-8C9F0C208651}.Release|Any CPU.ActiveCfg = Release|Any CPU
		{522EE321-E273-437E-A040-8C9F0C208651}.Release|Any CPU.Build.0 = Release|Any CPU
		{67F60681-9C47-453A-AEF4-12611CF601D0}.Debug|Any CPU.ActiveCfg = Debug|Any CPU
		{67F60681-9C47-453A-AEF4-12611CF601D0}.Debug|Any CPU.Build.0 = Debug|Any CPU
		{67F60681-9C47-453A-AEF4-12611CF601D0}.Release|Any CPU.ActiveCfg = Release|Any CPU
		{67F60681-9C47-453A-AEF4-12611CF601D0}.Release|Any CPU.Build.0 = Release|Any CPU
	EndGlobalSection
	GlobalSection(SolutionProperties) = preSolution
		HideSolutionNode = FALSE
	EndGlobalSection
	GlobalSection(ExtensibilityGlobals) = postSolution
		SolutionGuid = {9AC3FF50-77BB-4180-BF1D-C34280CE0CE9}
	EndGlobalSection
EndGlobal
